hash: 717f82e54bf3fe3e04afaf8669fe6f67c25075347d141e73e6f631d56c9e9883
updated: 2018-04-07T16:14:30.609459+08:00
imports:
- name: github.com/adtac/go-akismet
  version: f332a49c03313e67c622679086931d57e04683b5
  subpackages:
  - akismet
- name: github.com/bradfitz/gomemcache
  version: 1952afaa557dc08e8e0d89eafab110fb501c1a2b
  subpackages:
  - memcache
- name: github.com/garyburd/redigo
  version: a69d19351219b6dd56f274f96d85a7014a2ec34e
  subpackages:
  - internal
  - redis
- name: github.com/go-sql-driver/mysql
  version: a0583e0143b1624142adab07e0e97fe106d99561
- name: github.com/go-xorm/builder
  version: 488224409dd8aa2ce7a5baf8d10d55764a913738
- name: github.com/go-xorm/core
  version: da1adaf7a28ca792961721a34e6e04945200c890
- name: github.com/go-xorm/xorm
  version: 1933dd69e294c0a26c0266637067f24dbb25770c
- name: github.com/gorilla/rpc
  version: 22c016f3df3febe0c1f6727598b6389507e03a18
- name: github.com/inconshreveable/log15
  version: 0decfc6c20d9ca0ad143b0e89dcaa20f810b4fb3
  subpackages:
  - term
- name: github.com/klauspost/compress
  version: 8a8c9b92f99fe49f9c13688b0ee2824bb586c972
  subpackages:
  - flate
  - gzip
  - zlib
- name: github.com/klauspost/cpuid
  version: ae832f27941af41db13bd6d8efd2493e3b22415a
- name: github.com/mattn/go-colorable
  version: 7dc3415be66d7cc68bf0182f35c8d31f8d2ad8a7
- name: github.com/mattn/go-isatty
  version: 6ca4dbf54d38eea1a992b3c722a76a5d1c4cb25c
- name: github.com/mozillazg/go-pinyin
  version: ff1ea6f92b184d58c766c60f96a7a9b5f30fb092
- name: github.com/patrickmn/go-cache
  version: a3647f8e31d79543b2d0f0ae2fe5c379d72cedc0
- name: github.com/qiniu/api.v7
  version: 0c661d0ca96771709f67b3d9eac10f27033b1f2a
  subpackages:
  - auth/qbox
  - conf
  - storage
- name: github.com/qiniu/x
  version: 946c4a16076d6d98aeb78619e2bd4012357f7228
  subpackages:
  - bytes.v7
  - bytes.v7/seekable
  - ctype.v7
  - rpc.v7
  - xlog.v7
- name: github.com/revel/cmd
  version: 95d6366c0d8d727ca62767848fb0801268b49ea6
  subpackages:
  - revel
- name: github.com/revel/config
  version: 662332b741dd464a886ab0901379c02b9bc5dc30
- name: github.com/revel/cron
  version: 5d31bd20c7c41898f91332a03f71069dde3e69aa
- name: github.com/revel/log15
  version: 793412a67da6f8d15fede4c38f5c66272478cb8a
- name: github.com/revel/modules
  version: f97a4d0320f4ee755526333a0286f787a5bf6d8b
  subpackages:
  - jobs/app/controllers
  - jobs/app/jobs
  - orm/gorp/app
  - orm/gorp/app/controllers
  - static/app/controllers
  - testrunner/app
  - testrunner/app/controllers
- name: github.com/revel/pathtree
  version: 41257a1839e945fce74afd070e02bab2ea2c776a
- name: github.com/revel/revel
  version: 248166bf840eab87a88d1c18309f8e174e8327ff
  subpackages:
  - cache
  - logger
  - testing
- name: github.com/rogpeppe/go-charset
  version: e9ff06f347d3f5d0013d59ed83754f0e88de10d4
- name: github.com/shurcooL/sanitized_anchor_name
  version: 86672fcb3f950f35f2e675df2240550f2a50762f
- name: github.com/xeonx/timeago
  version: 714e6695c468c22fb6431a914d8c5f9d19fa2367
- name: golang.org/x/crypto
  version: 91a49db82a88618983a78a06c1cbd4e00ab749ab
  subpackages:
  - bcrypt
  - blowfish
- name: golang.org/x/net/context
  version: 22ae77b79946ea320088417e4d50825671d82d57
- name: golang.org/x/net/websocket
  version: eb925808374e5ca90c83401a40d711dc08c0c0f6
- name: golang.org/x/sys/unix
  version: f6cff0780e542efa0c8e864dc8fa522808f6a598
- name: gopkg.in/fsnotify/fsnotify.v1
  version: c2828203cd70a50dcccfb2761f8b1f8ceef9a8e9
- name: gopkg.in/natefinch/lumberjack.v2
  version: a96e63847dc3c67d17befa69c303767e2f84e54f
- name: gopkg.in/russross/blackfriday.v2
  version: c455fd41c6baf2f78fd7ff0aadc4e4b4d52698b0
- name: gopkg.in/stack.v0
  version: 9b43fcefddd0178abdabf4d484ab0d695d0011db
- name: qiniupkg.com/x
  version: 946c4a16076d6d98aeb78619e2bd4012357f7228
  subpackages:
  - bytes.v7
  - errors.v7
  - log.v7
  - reqid.v7
testImports: []
